{
  "name": "min-to-reproduce-typescript-import-problem",
  "lockfileVersion": 2,
  "requires": true,
  "packages": {
    "": {
      "devDependencies": {
        "@types/node": "^17.0.8",
        "dependency": "file:./dependency",
        "typescript": "^4.6.0-dev.20220106"
      }
    },
    "dependency": {
      "dev": true
    },
    "node_modules/@types/node": {
      "version": "17.0.8",
      "resolved": "https://registry.npmjs.org/@types/node/-/node-17.0.8.tgz",
      "integrity": "sha512-YofkM6fGv4gDJq78g4j0mMuGMkZVxZDgtU0JRdx6FgiJDG+0fY0GKVolOV8WqVmEhLCXkQRjwDdKyPxJp/uucg==",
      "dev": true
    },
    "node_modules/dependency": {
      "resolved": "dependency",
      "link": true
    },
    "node_modules/typescript": {
      "version": "4.6.0-dev.20220106",
      "resolved": "https://registry.npmjs.org/typescript/-/typescript-4.6.0-dev.20220106.tgz",
      "integrity": "sha512-DsU5FQw5v59ftX9CJXfgn6AQCZz+iIvLHtQcAGuo+CFiBdByh+1uiL3COxvA0ljoH1yitWutkNkOBqiSLOjKjA==",
      "dev": true,
      "bin": {
        "tsc": "bin/tsc",
        "tsserver": "bin/tsserver"
      },
      "engines": {
        "node": ">=4.2.0"
      }
    }
  },
  "dependencies": {
    "@types/node": {
      "version": "17.0.8",
      "resolved": "https://registry.npmjs.org/@types/node/-/node-17.0.8.tgz",
      "integrity": "sha512-YofkM6fGv4gDJq78g4j0mMuGMkZVxZDgtU0JRdx6FgiJDG+0fY0GKVolOV8WqVmEhLCXkQRjwDdKyPxJp/uucg==",
      "dev": true
    },
    "dependency": {
      "version": "file:dependency"
    },
    "typescript": {
      "version": "4.6.0-dev.20220106",
      "resolved": "https://registry.npmjs.org/typescript/-/typescript-4.6.0-dev.20220106.tgz",
      "integrity": "sha512-DsU5FQw5v59ftX9CJXfgn6AQCZz+iIvLHtQcAGuo+CFiBdByh+1uiL3COxvA0ljoH1yitWutkNkOBqiSLOjKjA==",
      "dev": true
    }
  }
}
